
Microsoft Visual Studio Solution File, Format Version 12.00
# Visual Studio Version 17
VisualStudioVersion = 17.9.34728.123
MinimumVisualStudioVersion = 10.0.40219.1
Project("{FAE04EC0-301F-11D3-BF4B-00C04F79EFBC}") = "Challenge3.2", "Challenge3.2.csproj", "{E227AEFB-2055-4F05-A07F-0DE156BB2D3E}"
EndProject
Global
	GlobalSection(SolutionConfigurationPlatforms) = preSolution
		Debug|Any CPU = Debug|Any CPU
		Release|Any CPU = Release|Any CPU
	EndGlobalSection
	GlobalSection(ProjectConfigurationPlatforms) = postSolution
		{E227AEFB-2055-4F05-A07F-0DE156BB2D3E}.Debug|Any CPU.ActiveCfg = Debug|Any CPU
		{E227AEFB-2055-4F05-A07F-0DE156BB2D3E}.Debug|Any CPU.Build.0 = Debug|Any CPU
		{E227AEFB-2055-4F05-A07F-0DE156BB2D3E}.Release|Any CPU.ActiveCfg = Release|Any CPU
		{E227AEFB-2055-4F05-A07F-0DE156BB2D3E}.Release|Any CPU.Build.0 = Release|Any CPU
	EndGlobalSection
	GlobalSection(SolutionProperties) = preSolution
		HideSolutionNode = FALSE
	EndGlobalSection
	GlobalSection(ExtensibilityGlobals) = postSolution
		SolutionGuid = {56A738E4-2B54-4CD8-8A9F-3F0255C42280}
	EndGlobalSection
EndGlobal
